
Microsoft Visual Studio Solution File, Format Version 12.00
Project("{FAE04EC0-301F-11D3-BF4B-00C04F79EFBC}") = "TemplateTests", "TemplateTests\TemplateTests.csproj", "{8F543002-AAE8-49FC-A70F-331ABA69D590}"
EndProject
Global
	GlobalSection(SolutionConfigurationPlatforms) = preSolution
		Debug|Any CPU = Debug|Any CPU
		Release|Any CPU = Release|Any CPU
	EndGlobalSection
	GlobalSection(ProjectConfigurationPlatforms) = postSolution
		{8F543002-AAE8-49FC-A70F-331ABA69D590}.Debug|Any CPU.ActiveCfg = Debug|Any CPU
		{8F543002-AAE8-49FC-A70F-331ABA69D590}.Debug|Any CPU.Build.0 = Debug|Any CPU
		{8F543002-AAE8-49FC-A70F-331ABA69D590}.Release|Any CPU.ActiveCfg = Release|Any CPU
		{8F543002-AAE8-49FC-A70F-331ABA69D590}.Release|Any CPU.Build.0 = Release|Any CPU
	EndGlobalSection
EndGlobal
